
Microsoft Visual Studio Solution File, Format Version 12.00
# Visual Studio Version 17
VisualStudioVersion = 17.2.32526.322
MinimumVisualStudioVersion = 10.0.40219.1
Project("{FAE04EC0-301F-11D3-BF4B-00C04F79EFBC}") = "Lab02", "Lab02\Lab02.csproj", "{46DDF1AE-4BC6-4449-8E28-E8F08CFC0494}"
EndProject
Project("{FAE04EC0-301F-11D3-BF4B-00C04F79EFBC}") = "Ex2", "Ex2\Ex2.csproj", "{DDCF760E-FE5B-4C84-AA23-11C41EB8DE75}"
EndProject
Project("{FAE04EC0-301F-11D3-BF4B-00C04F79EFBC}") = "Ex3", "Ex3\Ex3.csproj", "{2BE0E1D9-839A-43A9-A277-D282C26B2FCC}"
EndProject
Project("{FAE04EC0-301F-11D3-BF4B-00C04F79EFBC}") = "Ex4", "Ex4\Ex4.csproj", "{7F01E7B9-4CB8-4829-B51B-14B4450F3594}"
EndProject
Project("{FAE04EC0-301F-11D3-BF4B-00C04F79EFBC}") = "Ex5", "Ex5\Ex5.csproj", "{E3EFE700-691B-4E57-8A73-4A23E972B21F}"
EndProject
Global
	GlobalSection(SolutionConfigurationPlatforms) = preSolution
		Debug|Any CPU = Debug|Any CPU
		Release|Any CPU = Release|Any CPU
	EndGlobalSection
	GlobalSection(ProjectConfigurationPlatforms) = postSolution
		{46DDF1AE-4BC6-4449-8E28-E8F08CFC0494}.Debug|Any CPU.ActiveCfg = Debug|Any CPU
		{46DDF1AE-4BC6-4449-8E28-E8F08CFC0494}.Debug|Any CPU.Build.0 = Debug|Any CPU
		{46DDF1AE-4BC6-4449-8E28-E8F08CFC0494}.Release|Any CPU.ActiveCfg = Release|Any CPU
		{46DDF1AE-4BC6-4449-8E28-E8F08CFC0494}.Release|Any CPU.Build.0 = Release|Any CPU
		{DDCF760E-FE5B-4C84-AA23-11C41EB8DE75}.Debug|Any CPU.ActiveCfg = Debug|Any CPU
		{DDCF760E-FE5B-4C84-AA23-11C41EB8DE75}.Debug|Any CPU.Build.0 = Debug|Any CPU
		{DDCF760E-FE5B-4C84-AA23-11C41EB8DE75}.Release|Any CPU.ActiveCfg = Release|Any CPU
		{DDCF760E-FE5B-4C84-AA23-11C41EB8DE75}.Release|Any CPU.Build.0 = Release|Any CPU
		{2BE0E1D9-839A-43A9-A277-D282C26B2FCC}.Debug|Any CPU.ActiveCfg = Debug|Any CPU
		{2BE0E1D9-839A-43A9-A277-D282C26B2FCC}.Debug|Any CPU.Build.0 = Debug|Any CPU
		{2BE0E1D9-839A-43A9-A277-D282C26B2FCC}.Release|Any CPU.ActiveCfg = Release|Any CPU
		{2BE0E1D9-839A-43A9-A277-D282C26B2FCC}.Release|Any CPU.Build.0 = Release|Any CPU
		{7F01E7B9-4CB8-4829-B51B-14B4450F3594}.Debug|Any CPU.ActiveCfg = Debug|Any CPU
		{7F01E7B9-4CB8-4829-B51B-14B4450F3594}.Debug|Any CPU.Build.0 = Debug|Any CPU
		{7F01E7B9-4CB8-4829-B51B-14B4450F3594}.Release|Any CPU.ActiveCfg = Release|Any CPU
		{7F01E7B9-4CB8-4829-B51B-14B4450F3594}.Release|Any CPU.Build.0 = Release|Any CPU
		{E3EFE700-691B-4E57-8A73-4A23E972B21F}.Debug|Any CPU.ActiveCfg = Debug|Any CPU
		{E3EFE700-691B-4E57-8A73-4A23E972B21F}.Debug|Any CPU.Build.0 = Debug|Any CPU
		{E3EFE700-691B-4E57-8A73-4A23E972B21F}.Release|Any CPU.ActiveCfg = Release|Any CPU
		{E3EFE700-691B-4E57-8A73-4A23E972B21F}.Release|Any CPU.Build.0 = Release|Any CPU
	EndGlobalSection
	GlobalSection(SolutionProperties) = preSolution
		HideSolutionNode = FALSE
	EndGlobalSection
	GlobalSection(ExtensibilityGlobals) = postSolution
		SolutionGuid = {756B53EC-B18F-461F-BCF3-2E721CC4A562}
	EndGlobalSection
EndGlobal
