
Microsoft Visual Studio Solution File, Format Version 12.00
# Visual Studio Version 17
VisualStudioVersion = 17.2.32526.322
MinimumVisualStudioVersion = 10.0.40219.1
Project("{FAE04EC0-301F-11D3-BF4B-00C04F79EFBC}") = "Lab04", "Lab04\Lab04.csproj", "{335C4B1C-3A1B-443E-B947-42DF34AC9C73}"
EndProject
Project("{FAE04EC0-301F-11D3-BF4B-00C04F79EFBC}") = "SortedListClass", "SortedListClass\SortedListClass.csproj", "{04A39DA1-4958-43BB-8C1B-54E64E9C705F}"
EndProject
Project("{FAE04EC0-301F-11D3-BF4B-00C04F79EFBC}") = "HashtableTest", "HashtableTest\HashtableTest.csproj", "{37FE722F-2E61-463B-AF9A-B1A01FFBAFFF}"
EndProject
Global
	GlobalSection(SolutionConfigurationPlatforms) = preSolution
		Debug|Any CPU = Debug|Any CPU
		Release|Any CPU = Release|Any CPU
	EndGlobalSection
	GlobalSection(ProjectConfigurationPlatforms) = postSolution
		{335C4B1C-3A1B-443E-B947-42DF34AC9C73}.Debug|Any CPU.ActiveCfg = Debug|Any CPU
		{335C4B1C-3A1B-443E-B947-42DF34AC9C73}.Debug|Any CPU.Build.0 = Debug|Any CPU
		{335C4B1C-3A1B-443E-B947-42DF34AC9C73}.Release|Any CPU.ActiveCfg = Release|Any CPU
		{335C4B1C-3A1B-443E-B947-42DF34AC9C73}.Release|Any CPU.Build.0 = Release|Any CPU
		{04A39DA1-4958-43BB-8C1B-54E64E9C705F}.Debug|Any CPU.ActiveCfg = Debug|Any CPU
		{04A39DA1-4958-43BB-8C1B-54E64E9C705F}.Debug|Any CPU.Build.0 = Debug|Any CPU
		{04A39DA1-4958-43BB-8C1B-54E64E9C705F}.Release|Any CPU.ActiveCfg = Release|Any CPU
		{04A39DA1-4958-43BB-8C1B-54E64E9C705F}.Release|Any CPU.Build.0 = Release|Any CPU
		{37FE722F-2E61-463B-AF9A-B1A01FFBAFFF}.Debug|Any CPU.ActiveCfg = Debug|Any CPU
		{37FE722F-2E61-463B-AF9A-B1A01FFBAFFF}.Debug|Any CPU.Build.0 = Debug|Any CPU
		{37FE722F-2E61-463B-AF9A-B1A01FFBAFFF}.Release|Any CPU.ActiveCfg = Release|Any CPU
		{37FE722F-2E61-463B-AF9A-B1A01FFBAFFF}.Release|Any CPU.Build.0 = Release|Any CPU
	EndGlobalSection
	GlobalSection(SolutionProperties) = preSolution
		HideSolutionNode = FALSE
	EndGlobalSection
	GlobalSection(ExtensibilityGlobals) = postSolution
		SolutionGuid = {0549658F-3675-4B83-B7B8-802EBF38E6E6}
	EndGlobalSection
EndGlobal
